
Microsoft Visual Studio Solution File, Format Version 12.00
# Visual Studio Version 16
VisualStudioVersion = 16.0.29613.14
MinimumVisualStudioVersion = 10.0.40219.1
Project("{FAE04EC0-301F-11D3-BF4B-00C04F79EFBC}") = "Gordian", "Gordian\Gordian.csproj", "{BE786820-1584-4327-8569-79C92998A588}"
EndProject
Global
	GlobalSection(SolutionConfigurationPlatforms) = preSolution
		Debug|Any CPU = Debug|Any CPU
		Release|Any CPU = Release|Any CPU
	EndGlobalSection
	GlobalSection(ProjectConfigurationPlatforms) = postSolution
		{BE786820-1584-4327-8569-79C92998A588}.Debug|Any CPU.ActiveCfg = Debug|Any CPU
		{BE786820-1584-4327-8569-79C92998A588}.Debug|Any CPU.Build.0 = Debug|Any CPU
		{BE786820-1584-4327-8569-79C92998A588}.Release|Any CPU.ActiveCfg = Release|Any CPU
		{BE786820-1584-4327-8569-79C92998A588}.Release|Any CPU.Build.0 = Release|Any CPU
	EndGlobalSection
	GlobalSection(SolutionProperties) = preSolution
		HideSolutionNode = FALSE
	EndGlobalSection
	GlobalSection(ExtensibilityGlobals) = postSolution
		SolutionGuid = {70638B9D-3466-4C8F-88FA-F7F7876C5A7F}
	EndGlobalSection
EndGlobal
